
Microsoft Visual Studio Solution File, Format Version 12.00
# Visual Studio 15
Project("{FAE04EC0-301F-11D3-BF4B-00C04F79EFBC}") = "Assembly-CSharp", "Assembly-CSharp.csproj", "{D0490E9E-D237-E3F2-62C7-F54D180159B5}"
EndProject
Project("{FAE04EC0-301F-11D3-BF4B-00C04F79EFBC}") = "Assembly-CSharp-Editor", "Assembly-CSharp-Editor.csproj", "{6183DAD2-9143-2B70-C793-E383CF6C6F2E}"
EndProject
Global
	GlobalSection(SolutionConfigurationPlatforms) = preSolution
		Debug|Any CPU = Debug|Any CPU
		Release|Any CPU = Release|Any CPU
	EndGlobalSection
	GlobalSection(ProjectConfigurationPlatforms) = postSolution
		{D0490E9E-D237-E3F2-62C7-F54D180159B5}.Debug|Any CPU.ActiveCfg = Debug|Any CPU
		{D0490E9E-D237-E3F2-62C7-F54D180159B5}.Debug|Any CPU.Build.0 = Debug|Any CPU
		{D0490E9E-D237-E3F2-62C7-F54D180159B5}.Release|Any CPU.ActiveCfg = Release|Any CPU
		{D0490E9E-D237-E3F2-62C7-F54D180159B5}.Release|Any CPU.Build.0 = Release|Any CPU
		{6183DAD2-9143-2B70-C793-E383CF6C6F2E}.Debug|Any CPU.ActiveCfg = Debug|Any CPU
		{6183DAD2-9143-2B70-C793-E383CF6C6F2E}.Debug|Any CPU.Build.0 = Debug|Any CPU
		{6183DAD2-9143-2B70-C793-E383CF6C6F2E}.Release|Any CPU.ActiveCfg = Release|Any CPU
		{6183DAD2-9143-2B70-C793-E383CF6C6F2E}.Release|Any CPU.Build.0 = Release|Any CPU
	EndGlobalSection
	GlobalSection(SolutionProperties) = preSolution
		HideSolutionNode = FALSE
	EndGlobalSection
EndGlobal
